
Microsoft Visual Studio Solution File, Format Version 12.00
# Visual Studio Version 16
VisualStudioVersion = 16.0.28803.202
MinimumVisualStudioVersion = 10.0.40219.1
Project("{FAE04EC0-301F-11D3-BF4B-00C04F79EFBC}") = "HanselChain", "HanselChain.csproj", "{32937643-7555-4A94-9673-49DE2A9BA80A}"
EndProject
Project("{FAE04EC0-301F-11D3-BF4B-00C04F79EFBC}") = "HanselChain.Tests", "..\HanselChain.Tests\HanselChain.Tests.csproj", "{405107F1-D0BB-4CCE-99CD-0977A97F289D}"
EndProject
Project("{FAE04EC0-301F-11D3-BF4B-00C04F79EFBC}") = "MonotonicityTest", "..\MonotonicityTest\MonotonicityTest.csproj", "{F953C410-B6C3-4490-B9B7-D65E51994631}"
EndProject
Global
	GlobalSection(SolutionConfigurationPlatforms) = preSolution
		Debug|Any CPU = Debug|Any CPU
		Release|Any CPU = Release|Any CPU
	EndGlobalSection
	GlobalSection(ProjectConfigurationPlatforms) = postSolution
		{32937643-7555-4A94-9673-49DE2A9BA80A}.Debug|Any CPU.ActiveCfg = Debug|Any CPU
		{32937643-7555-4A94-9673-49DE2A9BA80A}.Debug|Any CPU.Build.0 = Debug|Any CPU
		{32937643-7555-4A94-9673-49DE2A9BA80A}.Release|Any CPU.ActiveCfg = Release|Any CPU
		{32937643-7555-4A94-9673-49DE2A9BA80A}.Release|Any CPU.Build.0 = Release|Any CPU
		{405107F1-D0BB-4CCE-99CD-0977A97F289D}.Debug|Any CPU.ActiveCfg = Debug|Any CPU
		{405107F1-D0BB-4CCE-99CD-0977A97F289D}.Debug|Any CPU.Build.0 = Debug|Any CPU
		{405107F1-D0BB-4CCE-99CD-0977A97F289D}.Release|Any CPU.ActiveCfg = Release|Any CPU
		{405107F1-D0BB-4CCE-99CD-0977A97F289D}.Release|Any CPU.Build.0 = Release|Any CPU
		{F953C410-B6C3-4490-B9B7-D65E51994631}.Debug|Any CPU.ActiveCfg = Debug|Any CPU
		{F953C410-B6C3-4490-B9B7-D65E51994631}.Debug|Any CPU.Build.0 = Debug|Any CPU
		{F953C410-B6C3-4490-B9B7-D65E51994631}.Release|Any CPU.ActiveCfg = Release|Any CPU
		{F953C410-B6C3-4490-B9B7-D65E51994631}.Release|Any CPU.Build.0 = Release|Any CPU
	EndGlobalSection
	GlobalSection(SolutionProperties) = preSolution
		HideSolutionNode = FALSE
	EndGlobalSection
	GlobalSection(ExtensibilityGlobals) = postSolution
		SolutionGuid = {6A059AFE-79F4-4227-8781-0520A45B6641}
	EndGlobalSection
EndGlobal
